
Microsoft Visual Studio Solution File, Format Version 12.00
# Visual Studio 15
VisualStudioVersion = 15.0.28307.852
MinimumVisualStudioVersion = 10.0.40219.1
Project("{FAE04EC0-301F-11D3-BF4B-00C04F79EFBC}") = "DemoApp", "DemoApp\DemoApp.csproj", "{FDCBA86E-0798-4C84-8573-B304CC3916B0}"
EndProject
Global
	GlobalSection(SolutionConfigurationPlatforms) = preSolution
		Debug|Any CPU = Debug|Any CPU
		Release|Any CPU = Release|Any CPU
	EndGlobalSection
	GlobalSection(ProjectConfigurationPlatforms) = postSolution
		{FDCBA86E-0798-4C84-8573-B304CC3916B0}.Debug|Any CPU.ActiveCfg = Debug|Any CPU
		{FDCBA86E-0798-4C84-8573-B304CC3916B0}.Debug|Any CPU.Build.0 = Debug|Any CPU
		{FDCBA86E-0798-4C84-8573-B304CC3916B0}.Release|Any CPU.ActiveCfg = Release|Any CPU
		{FDCBA86E-0798-4C84-8573-B304CC3916B0}.Release|Any CPU.Build.0 = Release|Any CPU
	EndGlobalSection
	GlobalSection(SolutionProperties) = preSolution
		HideSolutionNode = FALSE
	EndGlobalSection
	GlobalSection(ExtensibilityGlobals) = postSolution
		SolutionGuid = {24B6657D-4D84-4AD9-B9A1-8B917399D68F}
	EndGlobalSection
EndGlobal
